
Microsoft Visual Studio Solution File, Format Version 12.00
# Visual Studio for Mac
Project("{FAE04EC0-301F-11D3-BF4B-00C04F79EFBC}") = "Assembly-CSharp", "Assembly-CSharp.csproj", "{FF682A0F-C813-BF02-F226-1192FA3BEC56}"
EndProject
Global
	GlobalSection(SolutionConfigurationPlatforms) = preSolution
		Debug|Any CPU = Debug|Any CPU
		Release|Any CPU = Release|Any CPU
	EndGlobalSection
	GlobalSection(ProjectConfigurationPlatforms) = postSolution
		{FF682A0F-C813-BF02-F226-1192FA3BEC56}.Debug|Any CPU.ActiveCfg = Debug|Any CPU
		{FF682A0F-C813-BF02-F226-1192FA3BEC56}.Debug|Any CPU.Build.0 = Debug|Any CPU
		{FF682A0F-C813-BF02-F226-1192FA3BEC56}.Release|Any CPU.ActiveCfg = Release|Any CPU
		{FF682A0F-C813-BF02-F226-1192FA3BEC56}.Release|Any CPU.Build.0 = Release|Any CPU
	EndGlobalSection
	GlobalSection(SolutionProperties) = preSolution
		HideSolutionNode = FALSE
	EndGlobalSection
EndGlobal
